
Microsoft Visual Studio Solution File, Format Version 12.00
#
Project("{FAE04EC0-301F-11D3-BF4B-00C04F79EFBC}") = "MatrixContentFilter", "MatrixContentFilter\MatrixContentFilter.csproj", "{29F66829-AF62-4CEB-A05A-4D26A418180E}"
EndProject
Project("{2150E333-8FDC-42A3-9474-1A3956D46DE8}") = "LibMatrix", "LibMatrix", "{FC63408D-5EBC-44D0-9199-AA6359D9ACD9}"
EndProject
Project("{FAE04EC0-301F-11D3-BF4B-00C04F79EFBC}") = "LibMatrix.EventTypes", "LibMatrix\LibMatrix.EventTypes\LibMatrix.EventTypes.csproj", "{A8E886A0-D255-484E-9BC7-CD770E83F187}"
EndProject
Project("{FAE04EC0-301F-11D3-BF4B-00C04F79EFBC}") = "LibMatrix", "LibMatrix\LibMatrix\LibMatrix.csproj", "{02936216-5828-4574-B29C-0193AD4137FE}"
EndProject
Project("{2150E333-8FDC-42A3-9474-1A3956D46DE8}") = "Tests", "Tests", "{35972DDC-EF9B-4002-80B8-92081E746B2D}"
EndProject
Project("{FAE04EC0-301F-11D3-BF4B-00C04F79EFBC}") = "LibMatrix.Tests", "LibMatrix\Tests\LibMatrix.Tests\LibMatrix.Tests.csproj", "{A922F451-798F-47D7-BB28-ECEB6411FD82}"
EndProject
Project("{2150E333-8FDC-42A3-9474-1A3956D46DE8}") = "Utilities", "Utilities", "{1C1B86CD-115F-4673-84AE-04EECB916BDA}"
EndProject
Project("{FAE04EC0-301F-11D3-BF4B-00C04F79EFBC}") = "LibMatrix.DebugDataValidationApi", "LibMatrix\Utilities\LibMatrix.DebugDataValidationApi\LibMatrix.DebugDataValidationApi.csproj", "{EB49AC9D-44BE-438D-91D0-B5177A6AFD71}"
EndProject
Project("{FAE04EC0-301F-11D3-BF4B-00C04F79EFBC}") = "LibMatrix.DevTestBot", "LibMatrix\Utilities\LibMatrix.DevTestBot\LibMatrix.DevTestBot.csproj", "{17FC4683-6C73-4322-84CD-142D4EB4BB95}"
EndProject
Project("{FAE04EC0-301F-11D3-BF4B-00C04F79EFBC}") = "LibMatrix.E2eeTestKit", "LibMatrix\Utilities\LibMatrix.E2eeTestKit\LibMatrix.E2eeTestKit.csproj", "{0AAB1D05-0779-44B2-A3E8-71F96DC42B71}"
EndProject
Project("{FAE04EC0-301F-11D3-BF4B-00C04F79EFBC}") = "LibMatrix.HomeserverEmulator", "LibMatrix\Utilities\LibMatrix.HomeserverEmulator\LibMatrix.HomeserverEmulator.csproj", "{B30BD44B-AC06-485E-897E-8FFEE7352566}"
EndProject
Project("{FAE04EC0-301F-11D3-BF4B-00C04F79EFBC}") = "LibMatrix.JsonSerializerContextGenerator", "LibMatrix\Utilities\LibMatrix.JsonSerializerContextGenerator\LibMatrix.JsonSerializerContextGenerator.csproj", "{B3B2EB3D-C339-4564-875D-3AE9FB777078}"
EndProject
Project("{FAE04EC0-301F-11D3-BF4B-00C04F79EFBC}") = "LibMatrix.TestDataGenerator", "LibMatrix\Utilities\LibMatrix.TestDataGenerator\LibMatrix.TestDataGenerator.csproj", "{94875851-1FD3-4651-961C-93B65B385A40}"
EndProject
Project("{FAE04EC0-301F-11D3-BF4B-00C04F79EFBC}") = "LibMatrix.Utilities.Bot", "LibMatrix\Utilities\LibMatrix.Utilities.Bot\LibMatrix.Utilities.Bot.csproj", "{9937801B-4E02-4E96-A03B-55F9A86680E3}"
EndProject
Project("{2150E333-8FDC-42A3-9474-1A3956D46DE8}") = "ArcaneLibs", "ArcaneLibs", "{976B35D6-28DE-4084-84D9-B1FB0583D232}"
EndProject
Project("{FAE04EC0-301F-11D3-BF4B-00C04F79EFBC}") = "ArcaneLibs", "LibMatrix\ArcaneLibs\ArcaneLibs\ArcaneLibs.csproj", "{F926CAE9-5BEB-4581-9CB3-E8D314541AD9}"
EndProject
Project("{FAE04EC0-301F-11D3-BF4B-00C04F79EFBC}") = "ArcaneLibs.Blazor.Components", "LibMatrix\ArcaneLibs\ArcaneLibs.Blazor.Components\ArcaneLibs.Blazor.Components.csproj", "{F7C159CB-B17B-448F-9D11-C9D6E835819F}"
EndProject
Project("{FAE04EC0-301F-11D3-BF4B-00C04F79EFBC}") = "ArcaneLibs.Legacy", "LibMatrix\ArcaneLibs\ArcaneLibs.Legacy\ArcaneLibs.Legacy.csproj", "{F1C722B7-CB68-4362-BC95-ADB948381C27}"
EndProject
Project("{FAE04EC0-301F-11D3-BF4B-00C04F79EFBC}") = "ArcaneLibs.Logging", "LibMatrix\ArcaneLibs\ArcaneLibs.Logging\ArcaneLibs.Logging.csproj", "{51234361-799F-4D82-8741-377250882882}"
EndProject
Project("{FAE04EC0-301F-11D3-BF4B-00C04F79EFBC}") = "ArcaneLibs.StringNormalisation", "LibMatrix\ArcaneLibs\ArcaneLibs.StringNormalisation\ArcaneLibs.StringNormalisation.csproj", "{21442B53-35F6-4858-BE8D-394E10E57587}"
EndProject
Project("{FAE04EC0-301F-11D3-BF4B-00C04F79EFBC}") = "ArcaneLibs.Timings", "LibMatrix\ArcaneLibs\ArcaneLibs.Timings\ArcaneLibs.Timings.csproj", "{F93A9EFE-5804-4EDD-9D7E-ED73C61158E2}"
EndProject
Project("{FAE04EC0-301F-11D3-BF4B-00C04F79EFBC}") = "ArcaneLibs.UsageTest", "LibMatrix\ArcaneLibs\ArcaneLibs.UsageTest\ArcaneLibs.UsageTest.csproj", "{B1C9CBFE-7939-4874-BF70-EF5B9C77D274}"
EndProject
Project("{FAE04EC0-301F-11D3-BF4B-00C04F79EFBC}") = "ArcaneLib.Tests", "LibMatrix\ArcaneLibs\ArcaneLib.Tests\ArcaneLib.Tests.csproj", "{2F298242-2F55-4FD6-BDDE-C950326A61A7}"
EndProject
Project("{FAE04EC0-301F-11D3-BF4B-00C04F79EFBC}") = "SpamBot", "SpamBot\SpamBot.csproj", "{20EBD04C-A16C-4091-A1A5-D4AFECC4F609}"
EndProject
Global
	GlobalSection(SolutionConfigurationPlatforms) = preSolution
		Debug|Any CPU = Debug|Any CPU
		Release|Any CPU = Release|Any CPU
	EndGlobalSection
	GlobalSection(ProjectConfigurationPlatforms) = postSolution
		{29F66829-AF62-4CEB-A05A-4D26A418180E}.Debug|Any CPU.ActiveCfg = Debug|Any CPU
		{29F66829-AF62-4CEB-A05A-4D26A418180E}.Debug|Any CPU.Build.0 = Debug|Any CPU
		{29F66829-AF62-4CEB-A05A-4D26A418180E}.Release|Any CPU.ActiveCfg = Release|Any CPU
		{29F66829-AF62-4CEB-A05A-4D26A418180E}.Release|Any CPU.Build.0 = Release|Any CPU
		{A8E886A0-D255-484E-9BC7-CD770E83F187}.Debug|Any CPU.ActiveCfg = Debug|Any CPU
		{A8E886A0-D255-484E-9BC7-CD770E83F187}.Debug|Any CPU.Build.0 = Debug|Any CPU
		{A8E886A0-D255-484E-9BC7-CD770E83F187}.Release|Any CPU.ActiveCfg = Release|Any CPU
		{A8E886A0-D255-484E-9BC7-CD770E83F187}.Release|Any CPU.Build.0 = Release|Any CPU
		{02936216-5828-4574-B29C-0193AD4137FE}.Debug|Any CPU.ActiveCfg = Debug|Any CPU
		{02936216-5828-4574-B29C-0193AD4137FE}.Debug|Any CPU.Build.0 = Debug|Any CPU
		{02936216-5828-4574-B29C-0193AD4137FE}.Release|Any CPU.ActiveCfg = Release|Any CPU
		{02936216-5828-4574-B29C-0193AD4137FE}.Release|Any CPU.Build.0 = Release|Any CPU
		{A922F451-798F-47D7-BB28-ECEB6411FD82}.Debug|Any CPU.ActiveCfg = Debug|Any CPU
		{A922F451-798F-47D7-BB28-ECEB6411FD82}.Debug|Any CPU.Build.0 = Debug|Any CPU
		{A922F451-798F-47D7-BB28-ECEB6411FD82}.Release|Any CPU.ActiveCfg = Release|Any CPU
		{A922F451-798F-47D7-BB28-ECEB6411FD82}.Release|Any CPU.Build.0 = Release|Any CPU
		{EB49AC9D-44BE-438D-91D0-B5177A6AFD71}.Debug|Any CPU.ActiveCfg = Debug|Any CPU
		{EB49AC9D-44BE-438D-91D0-B5177A6AFD71}.Debug|Any CPU.Build.0 = Debug|Any CPU
		{EB49AC9D-44BE-438D-91D0-B5177A6AFD71}.Release|Any CPU.ActiveCfg = Release|Any CPU
		{EB49AC9D-44BE-438D-91D0-B5177A6AFD71}.Release|Any CPU.Build.0 = Release|Any CPU
		{17FC4683-6C73-4322-84CD-142D4EB4BB95}.Debug|Any CPU.ActiveCfg = Debug|Any CPU
		{17FC4683-6C73-4322-84CD-142D4EB4BB95}.Debug|Any CPU.Build.0 = Debug|Any CPU
		{17FC4683-6C73-4322-84CD-142D4EB4BB95}.Release|Any CPU.ActiveCfg = Release|Any CPU
		{17FC4683-6C73-4322-84CD-142D4EB4BB95}.Release|Any CPU.Build.0 = Release|Any CPU
		{0AAB1D05-0779-44B2-A3E8-71F96DC42B71}.Debug|Any CPU.ActiveCfg = Debug|Any CPU
		{0AAB1D05-0779-44B2-A3E8-71F96DC42B71}.Debug|Any CPU.Build.0 = Debug|Any CPU
		{0AAB1D05-0779-44B2-A3E8-71F96DC42B71}.Release|Any CPU.ActiveCfg = Release|Any CPU
		{0AAB1D05-0779-44B2-A3E8-71F96DC42B71}.Release|Any CPU.Build.0 = Release|Any CPU
		{B30BD44B-AC06-485E-897E-8FFEE7352566}.Debug|Any CPU.ActiveCfg = Debug|Any CPU
		{B30BD44B-AC06-485E-897E-8FFEE7352566}.Debug|Any CPU.Build.0 = Debug|Any CPU
		{B30BD44B-AC06-485E-897E-8FFEE7352566}.Release|Any CPU.ActiveCfg = Release|Any CPU
		{B30BD44B-AC06-485E-897E-8FFEE7352566}.Release|Any CPU.Build.0 = Release|Any CPU
		{B3B2EB3D-C339-4564-875D-3AE9FB777078}.Debug|Any CPU.ActiveCfg = Debug|Any CPU
		{B3B2EB3D-C339-4564-875D-3AE9FB777078}.Debug|Any CPU.Build.0 = Debug|Any CPU
		{B3B2EB3D-C339-4564-875D-3AE9FB777078}.Release|Any CPU.ActiveCfg = Release|Any CPU
		{B3B2EB3D-C339-4564-875D-3AE9FB777078}.Release|Any CPU.Build.0 = Release|Any CPU
		{94875851-1FD3-4651-961C-93B65B385A40}.Debug|Any CPU.ActiveCfg = Debug|Any CPU
		{94875851-1FD3-4651-961C-93B65B385A40}.Debug|Any CPU.Build.0 = Debug|Any CPU
		{94875851-1FD3-4651-961C-93B65B385A40}.Release|Any CPU.ActiveCfg = Release|Any CPU
		{94875851-1FD3-4651-961C-93B65B385A40}.Release|Any CPU.Build.0 = Release|Any CPU
		{9937801B-4E02-4E96-A03B-55F9A86680E3}.Debug|Any CPU.ActiveCfg = Debug|Any CPU
		{9937801B-4E02-4E96-A03B-55F9A86680E3}.Debug|Any CPU.Build.0 = Debug|Any CPU
		{9937801B-4E02-4E96-A03B-55F9A86680E3}.Release|Any CPU.ActiveCfg = Release|Any CPU
		{9937801B-4E02-4E96-A03B-55F9A86680E3}.Release|Any CPU.Build.0 = Release|Any CPU
		{F926CAE9-5BEB-4581-9CB3-E8D314541AD9}.Debug|Any CPU.ActiveCfg = Debug|Any CPU
		{F926CAE9-5BEB-4581-9CB3-E8D314541AD9}.Debug|Any CPU.Build.0 = Debug|Any CPU
		{F926CAE9-5BEB-4581-9CB3-E8D314541AD9}.Release|Any CPU.ActiveCfg = Release|Any CPU
		{F926CAE9-5BEB-4581-9CB3-E8D314541AD9}.Release|Any CPU.Build.0 = Release|Any CPU
		{F7C159CB-B17B-448F-9D11-C9D6E835819F}.Debug|Any CPU.ActiveCfg = Debug|Any CPU
		{F7C159CB-B17B-448F-9D11-C9D6E835819F}.Debug|Any CPU.Build.0 = Debug|Any CPU
		{F7C159CB-B17B-448F-9D11-C9D6E835819F}.Release|Any CPU.ActiveCfg = Release|Any CPU
		{F7C159CB-B17B-448F-9D11-C9D6E835819F}.Release|Any CPU.Build.0 = Release|Any CPU
		{F1C722B7-CB68-4362-BC95-ADB948381C27}.Debug|Any CPU.ActiveCfg = Debug|Any CPU
		{F1C722B7-CB68-4362-BC95-ADB948381C27}.Debug|Any CPU.Build.0 = Debug|Any CPU
		{F1C722B7-CB68-4362-BC95-ADB948381C27}.Release|Any CPU.ActiveCfg = Release|Any CPU
		{F1C722B7-CB68-4362-BC95-ADB948381C27}.Release|Any CPU.Build.0 = Release|Any CPU
		{51234361-799F-4D82-8741-377250882882}.Debug|Any CPU.ActiveCfg = Debug|Any CPU
		{51234361-799F-4D82-8741-377250882882}.Debug|Any CPU.Build.0 = Debug|Any CPU
		{51234361-799F-4D82-8741-377250882882}.Release|Any CPU.ActiveCfg = Release|Any CPU
		{51234361-799F-4D82-8741-377250882882}.Release|Any CPU.Build.0 = Release|Any CPU
		{21442B53-35F6-4858-BE8D-394E10E57587}.Debug|Any CPU.ActiveCfg = Debug|Any CPU
		{21442B53-35F6-4858-BE8D-394E10E57587}.Debug|Any CPU.Build.0 = Debug|Any CPU
		{21442B53-35F6-4858-BE8D-394E10E57587}.Release|Any CPU.ActiveCfg = Release|Any CPU
		{21442B53-35F6-4858-BE8D-394E10E57587}.Release|Any CPU.Build.0 = Release|Any CPU
		{F93A9EFE-5804-4EDD-9D7E-ED73C61158E2}.Debug|Any CPU.ActiveCfg = Debug|Any CPU
		{F93A9EFE-5804-4EDD-9D7E-ED73C61158E2}.Debug|Any CPU.Build.0 = Debug|Any CPU
		{F93A9EFE-5804-4EDD-9D7E-ED73C61158E2}.Release|Any CPU.ActiveCfg = Release|Any CPU
		{F93A9EFE-5804-4EDD-9D7E-ED73C61158E2}.Release|Any CPU.Build.0 = Release|Any CPU
		{B1C9CBFE-7939-4874-BF70-EF5B9C77D274}.Debug|Any CPU.ActiveCfg = Debug|Any CPU
		{B1C9CBFE-7939-4874-BF70-EF5B9C77D274}.Debug|Any CPU.Build.0 = Debug|Any CPU
		{B1C9CBFE-7939-4874-BF70-EF5B9C77D274}.Release|Any CPU.ActiveCfg = Release|Any CPU
		{B1C9CBFE-7939-4874-BF70-EF5B9C77D274}.Release|Any CPU.Build.0 = Release|Any CPU
		{2F298242-2F55-4FD6-BDDE-C950326A61A7}.Debug|Any CPU.ActiveCfg = Debug|Any CPU
		{2F298242-2F55-4FD6-BDDE-C950326A61A7}.Debug|Any CPU.Build.0 = Debug|Any CPU
		{2F298242-2F55-4FD6-BDDE-C950326A61A7}.Release|Any CPU.ActiveCfg = Release|Any CPU
		{2F298242-2F55-4FD6-BDDE-C950326A61A7}.Release|Any CPU.Build.0 = Release|Any CPU
		{20EBD04C-A16C-4091-A1A5-D4AFECC4F609}.Debug|Any CPU.ActiveCfg = Debug|Any CPU
		{20EBD04C-A16C-4091-A1A5-D4AFECC4F609}.Debug|Any CPU.Build.0 = Debug|Any CPU
		{20EBD04C-A16C-4091-A1A5-D4AFECC4F609}.Release|Any CPU.ActiveCfg = Release|Any CPU
		{20EBD04C-A16C-4091-A1A5-D4AFECC4F609}.Release|Any CPU.Build.0 = Release|Any CPU
	EndGlobalSection
	GlobalSection(NestedProjects) = preSolution
		{A8E886A0-D255-484E-9BC7-CD770E83F187} = {FC63408D-5EBC-44D0-9199-AA6359D9ACD9}
		{02936216-5828-4574-B29C-0193AD4137FE} = {FC63408D-5EBC-44D0-9199-AA6359D9ACD9}
		{35972DDC-EF9B-4002-80B8-92081E746B2D} = {FC63408D-5EBC-44D0-9199-AA6359D9ACD9}
		{A922F451-798F-47D7-BB28-ECEB6411FD82} = {35972DDC-EF9B-4002-80B8-92081E746B2D}
		{1C1B86CD-115F-4673-84AE-04EECB916BDA} = {FC63408D-5EBC-44D0-9199-AA6359D9ACD9}
		{EB49AC9D-44BE-438D-91D0-B5177A6AFD71} = {1C1B86CD-115F-4673-84AE-04EECB916BDA}
		{17FC4683-6C73-4322-84CD-142D4EB4BB95} = {1C1B86CD-115F-4673-84AE-04EECB916BDA}
		{0AAB1D05-0779-44B2-A3E8-71F96DC42B71} = {1C1B86CD-115F-4673-84AE-04EECB916BDA}
		{B30BD44B-AC06-485E-897E-8FFEE7352566} = {1C1B86CD-115F-4673-84AE-04EECB916BDA}
		{B3B2EB3D-C339-4564-875D-3AE9FB777078} = {1C1B86CD-115F-4673-84AE-04EECB916BDA}
		{94875851-1FD3-4651-961C-93B65B385A40} = {1C1B86CD-115F-4673-84AE-04EECB916BDA}
		{9937801B-4E02-4E96-A03B-55F9A86680E3} = {1C1B86CD-115F-4673-84AE-04EECB916BDA}
		{976B35D6-28DE-4084-84D9-B1FB0583D232} = {FC63408D-5EBC-44D0-9199-AA6359D9ACD9}
		{F926CAE9-5BEB-4581-9CB3-E8D314541AD9} = {976B35D6-28DE-4084-84D9-B1FB0583D232}
		{F7C159CB-B17B-448F-9D11-C9D6E835819F} = {976B35D6-28DE-4084-84D9-B1FB0583D232}
		{F1C722B7-CB68-4362-BC95-ADB948381C27} = {976B35D6-28DE-4084-84D9-B1FB0583D232}
		{51234361-799F-4D82-8741-377250882882} = {976B35D6-28DE-4084-84D9-B1FB0583D232}
		{21442B53-35F6-4858-BE8D-394E10E57587} = {976B35D6-28DE-4084-84D9-B1FB0583D232}
		{F93A9EFE-5804-4EDD-9D7E-ED73C61158E2} = {976B35D6-28DE-4084-84D9-B1FB0583D232}
		{B1C9CBFE-7939-4874-BF70-EF5B9C77D274} = {976B35D6-28DE-4084-84D9-B1FB0583D232}
		{2F298242-2F55-4FD6-BDDE-C950326A61A7} = {976B35D6-28DE-4084-84D9-B1FB0583D232}
	EndGlobalSection
EndGlobal
